// !$*UTF8*$!
{
	archiveVersion = 1;
	classes = {
	};
	objectVersion = 46;
	objects = {

/* Begin PBXBuildFile section */
		87C0B1441E0F7B0D00F34A67 /* AppDelegate.swift in Sources */ = {isa = PBXBuildFile; fileRef = 87C0B1431E0F7B0D00F34A67 /* AppDelegate.swift */; };
		87C0B1461E0F7B0D00F34A67 /* ViewController.swift in Sources */ = {isa = PBXBuildFile; fileRef = 87C0B1451E0F7B0D00F34A67 /* ViewController.swift */; };
		87C0B1491E0F7B0D00F34A67 /* Main.storyboard in Resources */ = {isa = PBXBuildFile; fileRef = 87C0B1471E0F7B0D00F34A67 /* Main.storyboard */; };
		87C0B14B1E0F7B0D00F34A67 /* Assets.xcassets in Resources */ = {isa = PBXBuildFile; fileRef = 87C0B14A1E0F7B0D00F34A67 /* Assets.xcassets */; };
		87C0B14E1E0F7B0D00F34A67 /* LaunchScreen.storyboard in Resources */ = {isa = PBXBuildFile; fileRef = 87C0B14C1E0F7B0D00F34A67 /* LaunchScreen.storyboard */; };
		87C0B1561E0F831300F34A67 /* SlideMenu.swift in Sources */ = {isa = PBXBuildFile; fileRef = 87C0B1551E0F831300F34A67 /* SlideMenu.swift */; };
		87C0B1581E0F832700F34A67 /* Logic.rtf in Resources */ = {isa = PBXBuildFile; fileRef = 87C0B1571E0F832700F34A67 /* Logic.rtf */; };
/* End PBXBuildFile section */

/* Begin PBXFileReference section */
		87C0B1401E0F7B0D00F34A67 /* SlideMenu.app */ = {isa = PBXFileReference; explicitFileType = wrapper.application; includeInIndex = 0; path = SlideMenu.app; sourceTree = BUILT_PRODUCTS_DIR; };
		87C0B1431E0F7B0D00F34A67 /* AppDelegate.swift */ = {isa = PBXFileReference; lastKnownFileType = sourcecode.swift; path = AppDelegate.swift; sourceTree = "<group>"; };
		87C0B1451E0F7B0D00F34A67 /* ViewController.swift */ = {isa = PBXFileReference; lastKnownFileType = sourcecode.swift; path = ViewController.swift; sourceTree = "<group>"; };
		87C0B1481E0F7B0D00F34A67 /* Base */ = {isa = PBXFileReference; lastKnownFileType = file.storyboard; name = Base; path = Base.lproj/Main.storyboard; sourceTree = "<group>"; };
		87C0B14A1E0F7B0D00F34A67 /* Assets.xcassets */ = {isa = PBXFileReference; lastKnownFileType = folder.assetcatalog; path = Assets.xcassets; sourceTree = "<group>"; };
		87C0B14D1E0F7B0D00F34A67 /* Base */ = {isa = PBXFileReference; lastKnownFileType = file.storyboard; name = Base; path = Base.lproj/LaunchScreen.storyboard; sourceTree = "<group>"; };
		87C0B14F1E0F7B0D00F34A67 /* Info.plist */ = {isa = PBXFileReference; lastKnownFileType = text.plist.xml; path = Info.plist; sourceTree = "<group>"; };
		87C0B1551E0F831300F34A67 /* SlideMenu.swift */ = {isa = PBXFileReference; fileEncoding = 4; lastKnownFileType = sourcecode.swift; path = SlideMenu.swift; sourceTree = "<group>"; };
		87C0B1571E0F832700F34A67 /* Logic.rtf */ = {isa = PBXFileReference; fileEncoding = 4; lastKnownFileType = text.rtf; path = Logic.rtf; sourceTree = "<group>"; };
/* End PBXFileReference section */

/* Begin PBXFrameworksBuildPhase section */
		87C0B13D1E0F7B0D00F34A67 /* Frameworks */ = {
			isa = PBXFrameworksBuildPhase;
			buildActionMask = 2147483647;
			files = (
			);
			runOnlyForDeploymentPostprocessing = 0;
		};
/* End PBXFrameworksBuildPhase section */

/* Begin PBXGroup section */
		87C0B1371E0F7B0D00F34A67 = {
			isa = PBXGroup;
			children = (
				87C0B1421E0F7B0D00F34A67 /* SlideMenu */,
				87C0B1411E0F7B0D00F34A67 /* Products */,
			);
			sourceTree = "<group>";
		};
		87C0B1411E0F7B0D00F34A67 /* Products */ = {
			isa = PBXGroup;
			children = (
				87C0B1401E0F7B0D00F34A67 /* SlideMenu.app */,
			);
			name = Products;
			sourceTree = "<group>";
		};
		87C0B1421E0F7B0D00F34A67 /* SlideMenu */ = {
			isa = PBXGroup;
			children = (
				87C0B1431E0F7B0D00F34A67 /* AppDelegate.swift */,
				87C0B1451E0F7B0D00F34A67 /* ViewController.swift */,
				87C0B1551E0F831300F34A67 /* SlideMenu.swift */,
				87C0B1571E0F832700F34A67 /* Logic.rtf */,
				87C0B1471E0F7B0D00F34A67 /* Main.storyboard */,
				87C0B14A1E0F7B0D00F34A67 /* Assets.xcassets */,
				87C0B14C1E0F7B0D00F34A67 /* LaunchScreen.storyboard */,
				87C0B14F1E0F7B0D00F34A67 /* Info.plist */,
			);
			path = SlideMenu;
			sourceTree = "<group>";
		};
/* End PBXGroup section */

/* Begin PBXNativeTarget section */
		87C0B13F1E0F7B0D00F34A67 /* SlideMenu */ = {
			isa = PBXNativeTarget;
			buildConfigurationList = 87C0B1521E0F7B0D00F34A67 /* Build configuration list for PBXNativeTarget "SlideMenu" */;
			buildPhases = (
				87C0B13C1E0F7B0D00F34A67 /* Sources */,
				87C0B13D1E0F7B0D00F34A67 /* Frameworks */,
				87C0B13E1E0F7B0D00F34A67 /* Resources */,
			);
			buildRules = (
			);
			dependencies = (
			);
			name = SlideMenu;
			productName = SlideMenu;
			productReference = 87C0B1401E0F7B0D00F34A67 /* SlideMenu.app */;
			productType = "com.apple.product-type.application";
		};
/* End PBXNativeTarget section */

/* Begin PBXProject section */
		87C0B1381E0F7B0D00F34A67 /* Project object */ = {
			isa = PBXProject;
			attributes = {
				LastSwiftUpdateCheck = 0810;
				LastUpgradeCheck = 0810;
				ORGANIZATIONNAME = "Evgeny Vlasov";
				TargetAttributes = {
					87C0B13F1E0F7B0D00F34A67 = {
						CreatedOnToolsVersion = 8.1;
						DevelopmentTeam = PC6ZE95SDH;
						ProvisioningStyle = Automatic;
					};
				};
			};
			buildConfigurationList = 87C0B13B1E0F7B0D00F34A67 /* Build configuration list for PBXProject "SlideMenu" */;
			compatibilityVersion = "Xcode 3.2";
			developmentRegion = English;
			hasScannedForEncodings = 0;
			knownRegions = (
				en,
				Base,
			);
			mainGroup = 87C0B1371E0F7B0D00F34A67;
			productRefGroup = 87C0B1411E0F7B0D00F34A67 /* Products */;
			projectDirPath = "";
			projectRoot = "";
			targets = (
				87C0B13F1E0F7B0D00F34A67 /* SlideMenu */,
			);
		};
/* End PBXProject section */

/* Begin PBXResourcesBuildPhase section */
		87C0B13E1E0F7B0D00F34A67 /* Resources */ = {
			isa = PBXResourcesBuildPhase;
			buildActionMask = 2147483647;
			files = (
				87C0B14E1E0F7B0D00F34A67 /* LaunchScreen.storyboard in Resources */,
				87C0B1581E0F832700F34A67 /* Logic.rtf in Resources */,
				87C0B14B1E0F7B0D00F34A67 /* Assets.xcassets in Resources */,
				87C0B1491E0F7B0D00F34A67 /* Main.storyboard in Resources */,
			);
			runOnlyForDeploymentPostprocessing = 0;
		};
/* End PBXResourcesBuildPhase section */

/* Begin PBXSourcesBuildPhase section */
		87C0B13C1E0F7B0D00F34A67 /* Sources */ = {
			isa = PBXSourcesBuildPhase;
			buildActionMask = 2147483647;
			files = (
				87C0B1461E0F7B0D00F34A67 /* ViewController.swift in Sources */,
				87C0B1441E0F7B0D00F34A67 /* AppDelegate.swift in Sources */,
				87C0B1561E0F831300F34A67 /* SlideMenu.swift in Sources */,
			);
			runOnlyForDeploymentPostprocessing = 0;
		};
/* End PBXSourcesBuildPhase section */

/* Begin PBXVariantGroup section */
		87C0B1471E0F7B0D00F34A67 /* Main.storyboard */ = {
			isa = PBXVariantGroup;
			children = (
				87C0B1481E0F7B0D00F34A67 /* Base */,
			);
			name = Main.storyboard;
			sourceTree = "<group>";
		};
		87C0B14C1E0F7B0D00F34A67 /* LaunchScreen.storyboard */ = {
			isa = PBXVariantGroup;
			children = (
				87C0B14D1E0F7B0D00F34A67 /* Base */,
			);
			name = LaunchScreen.storyboard;
			sourceTree = "<group>";
		};
/* End PBXVariantGroup section */

/* Begin XCBuildConfiguration section */
		87C0B1501E0F7B0D00F34A67 /* Debug */ = {
			isa = XCBuildConfiguration;
			buildSettings = {
				ALWAYS_SEARCH_USER_PATHS = NO;
				CLANG_ANALYZER_NONNULL = YES;
				CLANG_CXX_LANGUAGE_STANDARD = "gnu++0x";
				CLANG_CXX_LIBRARY = "libc++";
				CLANG_ENABLE_MODULES = YES;
				CLANG_ENABLE_OBJC_ARC = YES;
				CLANG_WARN_BOOL_CONVERSION = YES;
				CLANG_WARN_CONSTANT_CONVERSION = YES;
				CLANG_WARN_DIRECT_OBJC_ISA_USAGE = YES_ERROR;
				CLANG_WARN_DOCUMENTATION_COMMENTS = YES;
				CLANG_WARN_EMPTY_BODY = YES;
				CLANG_WARN_ENUM_CONVERSION = YES;
				CLANG_WARN_INFINITE_RECURSION = YES;
				CLANG_WARN_INT_CONVERSION = YES;
				CLANG_WARN_OBJC_ROOT_CLASS = YES_ERROR;
				CLANG_WARN_SUSPICIOUS_MOVES = YES;
				CLANG_WARN_UNREACHABLE_CODE = YES;
				CLANG_WARN__DUPLICATE_METHOD_MATCH = YES;
				"CODE_SIGN_IDENTITY[sdk=iphoneos*]" = "iPhone Developer";
				COPY_PHASE_STRIP = NO;
				DEBUG_INFORMATION_FORMAT = dwarf;
				ENABLE_STRICT_OBJC_MSGSEND = YES;
				ENABLE_TESTABILITY = YES;
				GCC_C_LANGUAGE_STANDARD = gnu99;
				GCC_DYNAMIC_NO_PIC = NO;
				GCC_NO_COMMON_BLOCKS = YES;
				GCC_OPTIMIZATION_LEVEL = 0;
				GCC_PREPROCESSOR_DEFINITIONS = (
					"DEBUG=1",
					"$(inherited)",
				);
				GCC_WARN_64_TO_32_BIT_CONVERSION = YES;
				GCC_WARN_ABOUT_RETURN_TYPE = YES_ERROR;
				GCC_WARN_UNDECLARED_SELECTOR = YES;
				GCC_WARN_UNINITIALIZED_AUTOS = YES_AGGRESSIVE;
				GCC_WARN_UNUSED_FUNCTION = YES;
				GCC_WARN_UNUSED_VARIABLE = YES;
				IPHONEOS_DEPLOYMENT_TARGET = 10.1;
				MTL_ENABLE_DEBUG_INFO = YES;
				ONLY_ACTIVE_ARCH = YES;
				SDKROOT = iphoneos;
				SWIFT_ACTIVE_COMPILATION_CONDITIONS = DEBUG;
				SWIFT_OPTIMIZATION_LEVEL = "-Onone";
				TARGETED_DEVICE_FAMILY = "1,2";
			};
			name = Debug;
		};
		87C0B1511E0F7B0D00F34A67 /* Release */ = {
			isa = XCBuildConfiguration;
			buildSettings = {
				ALWAYS_SEARCH_USER_PATHS = NO;
				CLANG_ANALYZER_NONNULL = YES;
				CLANG_CXX_LANGUAGE_STANDARD = "gnu++0x";
				CLANG_CXX_LIBRARY = "libc++";
				CLANG_ENABLE_MODULES = YES;
				CLANG_ENABLE_OBJC_ARC = YES;
				CLANG_WARN_BOOL_CONVERSION = YES;
				CLANG_WARN_CONSTANT_CONVERSION = YES;
				CLANG_WARN_DIRECT_OBJC_ISA_USAGE = YES_ERROR;
				CLANG_WARN_DOCUMENTATION_COMMENTS = YES;
				CLANG_WARN_EMPTY_BODY = YES;
				CLANG_WARN_ENUM_CONVERSION = YES;
				CLANG_WARN_INFINITE_RECURSION = YES;
				CLANG_WARN_INT_CONVERSION = YES;
				CLANG_WARN_OBJC_ROOT_CLASS = YES_ERROR;
				CLANG_WARN_SUSPICIOUS_MOVES = YES;
				CLANG_WARN_UNREACHABLE_CODE = YES;
				CLANG_WARN__DUPLICATE_METHOD_MATCH = YES;
				"CODE_SIGN_IDENTITY[sdk=iphoneos*]" = "iPhone Developer";
				COPY_PHASE_STRIP = NO;
				DEBUG_INFORMATION_FORMAT = "dwarf-with-dsym";
				ENABLE_NS_ASSERTIONS = NO;
				ENABLE_STRICT_OBJC_MSGSEND = YES;
				GCC_C_LANGUAGE_STANDARD = gnu99;
				GCC_NO_COMMON_BLOCKS = YES;
				GCC_WARN_64_TO_32_BIT_CONVERSION = YES;
				GCC_WARN_ABOUT_RETURN_TYPE = YES_ERROR;
				GCC_WARN_UNDECLARED_SELECTOR = YES;
				GCC_WARN_UNINITIALIZED_AUTOS = YES_AGGRESSIVE;
				GCC_WARN_UNUSED_FUNCTION = YES;
				GCC_WARN_UNUSED_VARIABLE = YES;
				IPHONEOS_DEPLOYMENT_TARGET = 10.1;
				MTL_ENABLE_DEBUG_INFO = NO;
				SDKROOT = iphoneos;
				SWIFT_OPTIMIZATION_LEVEL = "-Owholemodule";
				TARGETED_DEVICE_FAMILY = "1,2";
				VALIDATE_PRODUCT = YES;
			};
			name = Release;
		};
		87C0B1531E0F7B0D00F34A67 /* Debug */ = {
			isa = XCBuildConfiguration;
			buildSettings = {
				ASSETCATALOG_COMPILER_APPICON_NAME = AppIcon;
				DEVELOPMENT_TEAM = PC6ZE95SDH;
				INFOPLIST_FILE = SlideMenu/Info.plist;
				LD_RUNPATH_SEARCH_PATHS = "$(inherited) @executable_path/Frameworks";
				PRODUCT_BUNDLE_IDENTIFIER = com.evgenyvlasov.SlideMenu;
				PRODUCT_NAME = "$(TARGET_NAME)";
				SWIFT_VERSION = 3.0;
			};
			name = Debug;
		};
		87C0B1541E0F7B0D00F34A67 /* Release */ = {
			isa = XCBuildConfiguration;
			buildSettings = {
				ASSETCATALOG_COMPILER_APPICON_NAME = AppIcon;
				DEVELOPMENT_TEAM = PC6ZE95SDH;
				INFOPLIST_FILE = SlideMenu/Info.plist;
				LD_RUNPATH_SEARCH_PATHS = "$(inherited) @executable_path/Frameworks";
				PRODUCT_BUNDLE_IDENTIFIER = com.evgenyvlasov.SlideMenu;
				PRODUCT_NAME = "$(TARGET_NAME)";
				SWIFT_VERSION = 3.0;
			};
			name = Release;
		};
/* End XCBuildConfiguration section */

/* Begin XCConfigurationList section */
		87C0B13B1E0F7B0D00F34A67 /* Build configuration list for PBXProject "SlideMenu" */ = {
			isa = XCConfigurationList;
			buildConfigurations = (
				87C0B1501E0F7B0D00F34A67 /* Debug */,
				87C0B1511E0F7B0D00F34A67 /* Release */,
			);
			defaultConfigurationIsVisible = 0;
			defaultConfigurationName = Release;
		};
		87C0B1521E0F7B0D00F34A67 /* Build configuration list for PBXNativeTarget "SlideMenu" */ = {
			isa = XCConfigurationList;
			buildConfigurations = (
				87C0B1531E0F7B0D00F34A67 /* Debug */,
				87C0B1541E0F7B0D00F34A67 /* Release */,
			);
			defaultConfigurationIsVisible = 0;
		};
/* End XCConfigurationList section */
	};
	rootObject = 87C0B1381E0F7B0D00F34A67 /* Project object */;
}
